github.com/davecgh/go-spew v1.1.1 h1:vj9j/u1bqnvCEfJOwUhtlOARqs3+rkHYY13jYWTU97c=
github.com/davecgh/go-spew v1.1.1/go.mod h1:J7Y8YcW2NihsgmVo/mv3lAwl/skON4iLHjSsI+c5H38=
github.com/eclipse/paho.mqtt.golang v1.5.0 h1:EH+bUVJNgttidWFkLLVKaQPGmkTUfQQqjOsyvMGvD6o=
github.com/eclipse/paho.mqtt.golang v1.5.0/go.mod h1:du/2qNQVqJf/Sqs4MEL77kR8QTqANF7XU7Fk0aOTAgk=
github.com/go-chi/chi/v5 v5.2.2 h1:CMwsvRVTbXVytCk1Wd72Zy1LAsAh9GxMmSNWLHCG618=
github.com/go-chi/chi/v5 v5.2.2/go.mod h1:L2yAIGWB3H+phAw1NxKwWM+7eUH/lU8pOMm5hHcoops=
github.com/go-chi/chi/v5 v5.2.3 h1:WQIt9uxdsAbgIYgid+BpYc+liqQZGMHRaUwp0JUcvdE=
github.com/go-chi/chi/v5 v5.2.3/go.mod h1:L2yAIGWB3H+phAw1NxKwWM+7eUH/lU8pOMm5hHcoops=
github.com/go-chi/cors v1.2.2 h1:Jmey33TE+b+rB7fT8MUy1u0I4L+NARQlK6LhzKPSyQE=
github.com/go-chi/cors v1.2.2/go.mod h1:sSbTewc+6wYHBBCW7ytsFSn836hqM7JxpglAy2Vzc58=
github.com/gorilla/websocket v1.5.3 h1:saDtZ6Pbx/0u+bgYQ3q96pZgCzfhKXGPqt7kZ72aNNg=
github.com/gorilla/websocket v1.5.3/go.mod h1:YR8l580nyteQvAITg2hZ9XVh4b55+EU/adAjf1fMHhE=
github.com/philipparndt/go-logger v1.5.0 h1:HncIbTpLofjn1FTbTWbLjTBYIprwEjJHiHAr9xdNsWs=
github.com/philipparndt/go-logger v1.5.0/go.mod h1:TxU7uhiBXVaypDkYrBIEW8jESwmO0LeJBK0Lfrrb1Jk=
github.com/philipparndt/go-logger v1.6.0 h1:G0L8VP977MZ2ZzuiVKuoVyhRCFq/VSp3fZDoPmpXEk4=
github.com/philipparndt/go-logger v1.6.0/go.mod h1:TxU7uhiBXVaypDkYrBIEW8jESwmO0LeJBK0Lfrrb1Jk=
github.com/philipparndt/go-logger-chi v0.3.0 h1:sTUOJlWZfSyJt5XwL55shgxgtL1vUhSvV4aizInzCnE=
github.com/philipparndt/go-logger-chi v0.3.0/go.mod h1:/5M0aUUjjgj0/aVv1gt67al2CSiKV0E6elmOqi2bYr8=
github.com/philipparndt/go-logger-chi v0.4.0 h1:O6t7Krhlw+nXHGrT88mZBDJJAMDUuntk0mGC4ISB+Yw=
github.com/philipparndt/go-logger-chi v0.4.0/go.mod h1:z2OCWPhsZbmwcedhnS3yYgsgdm13tTyJwRwsA75X7F4=
github.com/philipparndt/mqtt-gateway v1.4.0 h1:xsVqdqKGxeezEXNTTn06l5/a9Ath9KYdtnFQSS0+jmg=
github.com/philipparndt/mqtt-gateway v1.4.0/go.mod h1:VAI2GOAhvnPeQnkx5alePhF85uAOglq4bJY0rTtRtKA=
github.com/pmezard/go-difflib v1.0.0 h1:4DBwDE0NGyQoBHbLQYPwSUPoCMWR5BEzIk/f1lZbAQM=
github.com/pmezard/go-difflib v1.0.0/go.mod h1:iKH77koFhYxTK1pcRnkKkqfTogsbg7gZNVY4sRDYZ/4=
github.com/stretchr/testify v1.9.0 h1:HtqpIVDClZ4nwg75+f6Lvsy/wHu+3BoSGCbBAcpTsTg=
github.com/stretchr/testify v1.9.0/go.mod h1:r2ic/lqez/lEtzL7wO/rwa5dbSLXVDPFyf8C91i36aY=
golang.org/x/net v0.43.0 h1:lat02VYK2j4aLzMzecihNvTlJNQUq316m2Mr9rnM6YE=
golang.org/x/net v0.43.0/go.mod h1:vhO1fvI4dGsIjh73sWfUVjj3N7CA9WkKJNQm2svM6Jg=
golang.org/x/sync v0.16.0 h1:ycBJEhp9p4vXvUZNszeOq0kGTPghopOL8q0fq3vstxw=
golang.org/x/sync v0.16.0/go.mod h1:1dzgHSNfp02xaA81J2MS99Qcpr2w7fw1gpm99rleRqA=
gopkg.in/yaml.v3 v3.0.1 h1:fxVm/GzAzEWqLHuvctI91KS9hhNmmWOoWu0XTYJS7CA=
gopkg.in/yaml.v3 v3.0.1/go.mod h1:K4uyk7z7BCEPqu6E+C64Yfv1cQ7kz7rIZviUmN+EgEM=
